
Microsoft Visual Studio Solution File, Format Version 12.00
# Visual Studio Version 17
VisualStudioVersion = 17.14.37203.1
MinimumVisualStudioVersion = 10.0.40219.1
Project("{2150E333-8FDC-42A3-9474-1A3956D46DE8}") = "src", "src", "{02EA681E-C7D8-13C7-8484-4AC65E1B71E8}"
EndProject
Project("{FAE04EC0-301F-11D3-BF4B-00C04F79EFBC}") = "MusicStore.Api", "src\MusicStore.Api\MusicStore.Api.csproj", "{D7ED773B-9072-4296-BC98-4734B918EB6F}"
EndProject
Project("{FAE04EC0-301F-11D3-BF4B-00C04F79EFBC}") = "MusicStore.Entities", "src\MusicStore.Entities\MusicStore.Entities.csproj", "{D51D5E33-7986-4F54-AD7F-83EF1ED198D1}"
EndProject
Project("{FAE04EC0-301F-11D3-BF4B-00C04F79EFBC}") = "MusicStore.Persistence", "src\MusicStore.Persistence\MusicStore.Persistence.csproj", "{67ABA07B-DD2A-4E8C-BC69-E48C5BD4FFDD}"
EndProject
Project("{FAE04EC0-301F-11D3-BF4B-00C04F79EFBC}") = "MusicStore.Dto", "src\MusicStore.Dto\MusicStore.Dto.csproj", "{7AA6D852-26EA-412A-B273-C27FBD2936A4}"
EndProject
Project("{FAE04EC0-301F-11D3-BF4B-00C04F79EFBC}") = "MusicStore.Repositories", "src\MusicStore.Repositories\MusicStore.Repositories.csproj", "{6D894D0F-8992-BC07-EA14-6B5A96A01C79}"
EndProject
Project("{FAE04EC0-301F-11D3-BF4B-00C04F79EFBC}") = "MusicStore.Services", "src\MusicStore.Services\MusicStore.Services.csproj", "{33CB45A0-4CB3-45AD-963F-F9D400AE7EAE}"
EndProject
Global
	GlobalSection(SolutionConfigurationPlatforms) = preSolution
		Debug|Any CPU = Debug|Any CPU
		Release|Any CPU = Release|Any CPU
	EndGlobalSection
	GlobalSection(ProjectConfigurationPlatforms) = postSolution
		{D7ED773B-9072-4296-BC98-4734B918EB6F}.Debug|Any CPU.ActiveCfg = Debug|Any CPU
		{D7ED773B-9072-4296-BC98-4734B918EB6F}.Debug|Any CPU.Build.0 = Debug|Any CPU
		{D7ED773B-9072-4296-BC98-4734B918EB6F}.Release|Any CPU.ActiveCfg = Release|Any CPU
		{D7ED773B-9072-4296-BC98-4734B918EB6F}.Release|Any CPU.Build.0 = Release|Any CPU
		{D51D5E33-7986-4F54-AD7F-83EF1ED198D1}.Debug|Any CPU.ActiveCfg = Debug|Any CPU
		{D51D5E33-7986-4F54-AD7F-83EF1ED198D1}.Debug|Any CPU.Build.0 = Debug|Any CPU
		{D51D5E33-7986-4F54-AD7F-83EF1ED198D1}.Release|Any CPU.ActiveCfg = Release|Any CPU
		{D51D5E33-7986-4F54-AD7F-83EF1ED198D1}.Release|Any CPU.Build.0 = Release|Any CPU
		{67ABA07B-DD2A-4E8C-BC69-E48C5BD4FFDD}.Debug|Any CPU.ActiveCfg = Debug|Any CPU
		{67ABA07B-DD2A-4E8C-BC69-E48C5BD4FFDD}.Debug|Any CPU.Build.0 = Debug|Any CPU
		{67ABA07B-DD2A-4E8C-BC69-E48C5BD4FFDD}.Release|Any CPU.ActiveCfg = Release|Any CPU
		{67ABA07B-DD2A-4E8C-BC69-E48C5BD4FFDD}.Release|Any CPU.Build.0 = Release|Any CPU
		{7AA6D852-26EA-412A-B273-C27FBD2936A4}.Debug|Any CPU.ActiveCfg = Debug|Any CPU
		{7AA6D852-26EA-412A-B273-C27FBD2936A4}.Debug|Any CPU.Build.0 = Debug|Any CPU
		{7AA6D852-26EA-412A-B273-C27FBD2936A4}.Release|Any CPU.ActiveCfg = Release|Any CPU
		{7AA6D852-26EA-412A-B273-C27FBD2936A4}.Release|Any CPU.Build.0 = Release|Any CPU
		{6D894D0F-8992-BC07-EA14-6B5A96A01C79}.Debug|Any CPU.ActiveCfg = Debug|Any CPU
		{6D894D0F-8992-BC07-EA14-6B5A96A01C79}.Debug|Any CPU.Build.0 = Debug|Any CPU
		{6D894D0F-8992-BC07-EA14-6B5A96A01C79}.Release|Any CPU.ActiveCfg = Release|Any CPU
		{6D894D0F-8992-BC07-EA14-6B5A96A01C79}.Release|Any CPU.Build.0 = Release|Any CPU
		{33CB45A0-4CB3-45AD-963F-F9D400AE7EAE}.Debug|Any CPU.ActiveCfg = Debug|Any CPU
		{33CB45A0-4CB3-45AD-963F-F9D400AE7EAE}.Debug|Any CPU.Build.0 = Debug|Any CPU
		{33CB45A0-4CB3-45AD-963F-F9D400AE7EAE}.Release|Any CPU.ActiveCfg = Release|Any CPU
		{33CB45A0-4CB3-45AD-963F-F9D400AE7EAE}.Release|Any CPU.Build.0 = Release|Any CPU
	EndGlobalSection
	GlobalSection(SolutionProperties) = preSolution
		HideSolutionNode = FALSE
	EndGlobalSection
	GlobalSection(NestedProjects) = preSolution
		{D7ED773B-9072-4296-BC98-4734B918EB6F} = {02EA681E-C7D8-13C7-8484-4AC65E1B71E8}
		{D51D5E33-7986-4F54-AD7F-83EF1ED198D1} = {02EA681E-C7D8-13C7-8484-4AC65E1B71E8}
		{67ABA07B-DD2A-4E8C-BC69-E48C5BD4FFDD} = {02EA681E-C7D8-13C7-8484-4AC65E1B71E8}
		{7AA6D852-26EA-412A-B273-C27FBD2936A4} = {02EA681E-C7D8-13C7-8484-4AC65E1B71E8}
		{6D894D0F-8992-BC07-EA14-6B5A96A01C79} = {02EA681E-C7D8-13C7-8484-4AC65E1B71E8}
		{33CB45A0-4CB3-45AD-963F-F9D400AE7EAE} = {02EA681E-C7D8-13C7-8484-4AC65E1B71E8}
	EndGlobalSection
	GlobalSection(ExtensibilityGlobals) = postSolution
		SolutionGuid = {D6F95CC3-2717-4EF1-831E-3FED50DB5ED8}
	EndGlobalSection
EndGlobal
